// !$*UTF8*$!
{
	archiveVersion = 1;
	classes = {
	};
	objectVersion = 46;
	objects = {

/* Begin PBXBuildFile section */
		1F1BF8791DE30A6F0000F7AA /* Assets.xcassets in Resources */ = {isa = PBXBuildFile; fileRef = 1F1BF8781DE30A6F0000F7AA /* Assets.xcassets */; };
		1F1BF87B1DE323150000F7AA /* CustomTableViewCell.swift in Sources */ = {isa = PBXBuildFile; fileRef = 1F1BF87A1DE323150000F7AA /* CustomTableViewCell.swift */; };
		1F1BF87D1DE3245B0000F7AA /* Reachability.swift in Sources */ = {isa = PBXBuildFile; fileRef = 1F1BF87C1DE3245B0000F7AA /* Reachability.swift */; };
		1F1BF87F1DE324FE0000F7AA /* Errors.swift in Sources */ = {isa = PBXBuildFile; fileRef = 1F1BF87E1DE324FE0000F7AA /* Errors.swift */; };
		1F1BF8831DE328240000F7AA /* DetailViewController.swift in Sources */ = {isa = PBXBuildFile; fileRef = 1F1BF8821DE328240000F7AA /* DetailViewController.swift */; };
		1FC4484D1DE5BB98004AF63D /* MovieType.swift in Sources */ = {isa = PBXBuildFile; fileRef = 1FC4484C1DE5BB98004AF63D /* MovieType.swift */; };
		1FC4484F1DE5BC28004AF63D /* Actor.swift in Sources */ = {isa = PBXBuildFile; fileRef = 1FC4484E1DE5BC28004AF63D /* Actor.swift */; };
		1FC9C7D81DE59A7C0023942E /* DataTypes.swift in Sources */ = {isa = PBXBuildFile; fileRef = 1FC9C7D71DE59A7C0023942E /* DataTypes.swift */; };
		1FCB31261DE301AA0076E1AB /* AppDelegate.swift in Sources */ = {isa = PBXBuildFile; fileRef = 1FCB31251DE301AA0076E1AB /* AppDelegate.swift */; };
		1FCB31281DE301AA0076E1AB /* ViewController.swift in Sources */ = {isa = PBXBuildFile; fileRef = 1FCB31271DE301AA0076E1AB /* ViewController.swift */; };
		1FCB312B1DE301AA0076E1AB /* Main.storyboard in Resources */ = {isa = PBXBuildFile; fileRef = 1FCB31291DE301AA0076E1AB /* Main.storyboard */; };
		1FCB31301DE301AA0076E1AB /* LaunchScreen.storyboard in Resources */ = {isa = PBXBuildFile; fileRef = 1FCB312E1DE301AA0076E1AB /* LaunchScreen.storyboard */; };
		3288C1473832243A63144C73 /* Pods_MovieNight.framework in Frameworks */ = {isa = PBXBuildFile; fileRef = 6B7B6F8537F5DAB8F8697A2A /* Pods_MovieNight.framework */; };
/* End PBXBuildFile section */

/* Begin PBXFileReference section */
		1E24CA46EEA4E20288E77BC6 /* Pods-MovieNight.release.xcconfig */ = {isa = PBXFileReference; includeInIndex = 1; lastKnownFileType = text.xcconfig; name = "Pods-MovieNight.release.xcconfig"; path = "Pods/Target Support Files/Pods-MovieNight/Pods-MovieNight.release.xcconfig"; sourceTree = "<group>"; };
		1F1BF8781DE30A6F0000F7AA /* Assets.xcassets */ = {isa = PBXFileReference; lastKnownFileType = folder.assetcatalog; path = Assets.xcassets; sourceTree = "<group>"; };
		1F1BF87A1DE323150000F7AA /* CustomTableViewCell.swift */ = {isa = PBXFileReference; fileEncoding = 4; lastKnownFileType = sourcecode.swift; path = CustomTableViewCell.swift; sourceTree = "<group>"; };
		1F1BF87C1DE3245B0000F7AA /* Reachability.swift */ = {isa = PBXFileReference; fileEncoding = 4; lastKnownFileType = sourcecode.swift; path = Reachability.swift; sourceTree = "<group>"; };
		1F1BF87E1DE324FE0000F7AA /* Errors.swift */ = {isa = PBXFileReference; fileEncoding = 4; lastKnownFileType = sourcecode.swift; path = Errors.swift; sourceTree = "<group>"; };
		1F1BF8821DE328240000F7AA /* DetailViewController.swift */ = {isa = PBXFileReference; fileEncoding = 4; lastKnownFileType = sourcecode.swift; path = DetailViewController.swift; sourceTree = "<group>"; };
		1FC4484C1DE5BB98004AF63D /* MovieType.swift */ = {isa = PBXFileReference; fileEncoding = 4; lastKnownFileType = sourcecode.swift; path = MovieType.swift; sourceTree = "<group>"; };
		1FC4484E1DE5BC28004AF63D /* Actor.swift */ = {isa = PBXFileReference; fileEncoding = 4; lastKnownFileType = sourcecode.swift; path = Actor.swift; sourceTree = "<group>"; };
		1FC9C7D71DE59A7C0023942E /* DataTypes.swift */ = {isa = PBXFileReference; fileEncoding = 4; lastKnownFileType = sourcecode.swift; path = DataTypes.swift; sourceTree = "<group>"; };
		1FCB31221DE301AA0076E1AB /* MovieNight.app */ = {isa = PBXFileReference; explicitFileType = wrapper.application; includeInIndex = 0; path = MovieNight.app; sourceTree = BUILT_PRODUCTS_DIR; };
		1FCB31251DE301AA0076E1AB /* AppDelegate.swift */ = {isa = PBXFileReference; lastKnownFileType = sourcecode.swift; path = AppDelegate.swift; sourceTree = "<group>"; };
		1FCB31271DE301AA0076E1AB /* ViewController.swift */ = {isa = PBXFileReference; lastKnownFileType = sourcecode.swift; path = ViewController.swift; sourceTree = "<group>"; };
		1FCB312A1DE301AA0076E1AB /* Base */ = {isa = PBXFileReference; lastKnownFileType = file.storyboard; name = Base; path = Base.lproj/Main.storyboard; sourceTree = "<group>"; };
		1FCB312F1DE301AA0076E1AB /* Base */ = {isa = PBXFileReference; lastKnownFileType = file.storyboard; name = Base; path = Base.lproj/LaunchScreen.storyboard; sourceTree = "<group>"; };
		1FCB31311DE301AA0076E1AB /* Info.plist */ = {isa = PBXFileReference; lastKnownFileType = text.plist.xml; path = Info.plist; sourceTree = "<group>"; };
		6B7B6F8537F5DAB8F8697A2A /* Pods_MovieNight.framework */ = {isa = PBXFileReference; explicitFileType = wrapper.framework; includeInIndex = 0; path = Pods_MovieNight.framework; sourceTree = BUILT_PRODUCTS_DIR; };
		8ECABEBC83C5E4C22EA71AB8 /* Pods-MovieNight.debug.xcconfig */ = {isa = PBXFileReference; includeInIndex = 1; lastKnownFileType = text.xcconfig; name = "Pods-MovieNight.debug.xcconfig"; path = "Pods/Target Support Files/Pods-MovieNight/Pods-MovieNight.debug.xcconfig"; sourceTree = "<group>"; };
/* End PBXFileReference section */

/* Begin PBXFrameworksBuildPhase section */
		1FCB311F1DE301AA0076E1AB /* Frameworks */ = {
			isa = PBXFrameworksBuildPhase;
			buildActionMask = 2147483647;
			files = (
				3288C1473832243A63144C73 /* Pods_MovieNight.framework in Frameworks */,
			);
			runOnlyForDeploymentPostprocessing = 0;
		};
/* End PBXFrameworksBuildPhase section */

/* Begin PBXGroup section */
		1FCB31191DE301AA0076E1AB = {
			isa = PBXGroup;
			children = (
				1FCB31241DE301AA0076E1AB /* MovieNight */,
				1FCB31231DE301AA0076E1AB /* Products */,
				64B3BB3AC43103813EB9EAB9 /* Pods */,
				E6E34BB5DC63DAA6BD48A8DC /* Frameworks */,
			);
			sourceTree = "<group>";
		};
		1FCB31231DE301AA0076E1AB /* Products */ = {
			isa = PBXGroup;
			children = (
				1FCB31221DE301AA0076E1AB /* MovieNight.app */,
			);
			name = Products;
			sourceTree = "<group>";
		};
		1FCB31241DE301AA0076E1AB /* MovieNight */ = {
			isa = PBXGroup;
			children = (
				1FCB31251DE301AA0076E1AB /* AppDelegate.swift */,
				1FCB31271DE301AA0076E1AB /* ViewController.swift */,
				1F1BF8821DE328240000F7AA /* DetailViewController.swift */,
				1F1BF87A1DE323150000F7AA /* CustomTableViewCell.swift */,
				1FCB31291DE301AA0076E1AB /* Main.storyboard */,
				1F1BF8781DE30A6F0000F7AA /* Assets.xcassets */,
				1FCB312E1DE301AA0076E1AB /* LaunchScreen.storyboard */,
				1FCB31311DE301AA0076E1AB /* Info.plist */,
				1F1BF87C1DE3245B0000F7AA /* Reachability.swift */,
				1F1BF87E1DE324FE0000F7AA /* Errors.swift */,
				1FC9C7D71DE59A7C0023942E /* DataTypes.swift */,
				1FC4484C1DE5BB98004AF63D /* MovieType.swift */,
				1FC4484E1DE5BC28004AF63D /* Actor.swift */,
			);
			path = MovieNight;
			sourceTree = "<group>";
		};
		64B3BB3AC43103813EB9EAB9 /* Pods */ = {
			isa = PBXGroup;
			children = (
				8ECABEBC83C5E4C22EA71AB8 /* Pods-MovieNight.debug.xcconfig */,
				1E24CA46EEA4E20288E77BC6 /* Pods-MovieNight.release.xcconfig */,
			);
			name = Pods;
			sourceTree = "<group>";
		};
		E6E34BB5DC63DAA6BD48A8DC /* Frameworks */ = {
			isa = PBXGroup;
			children = (
				6B7B6F8537F5DAB8F8697A2A /* Pods_MovieNight.framework */,
			);
			name = Frameworks;
			sourceTree = "<group>";
		};
/* End PBXGroup section */

/* Begin PBXNativeTarget section */
		1FCB31211DE301AA0076E1AB /* MovieNight */ = {
			isa = PBXNativeTarget;
			buildConfigurationList = 1FCB31341DE301AA0076E1AB /* Build configuration list for PBXNativeTarget "MovieNight" */;
			buildPhases = (
				F51CFB4C33592BC4B61528F3 /* [CP] Check Pods Manifest.lock */,
				1FCB311E1DE301AA0076E1AB /* Sources */,
				1FCB311F1DE301AA0076E1AB /* Frameworks */,
				1FCB31201DE301AA0076E1AB /* Resources */,
				30B44934ED76BD96637663F4 /* [CP] Embed Pods Frameworks */,
				5AF068E8E74A5DBC0DF38486 /* [CP] Copy Pods Resources */,
			);
			buildRules = (
			);
			dependencies = (
			);
			name = MovieNight;
			productName = MovieNight;
			productReference = 1FCB31221DE301AA0076E1AB /* MovieNight.app */;
			productType = "com.apple.product-type.application";
		};
/* End PBXNativeTarget section */

/* Begin PBXProject section */
		1FCB311A1DE301AA0076E1AB /* Project object */ = {
			isa = PBXProject;
			attributes = {
				LastSwiftUpdateCheck = 0810;
				LastUpgradeCheck = 0810;
				ORGANIZATIONNAME = ReCapted;
				TargetAttributes = {
					1FCB31211DE301AA0076E1AB = {
						CreatedOnToolsVersion = 8.1;
						DevelopmentTeam = UNAZBL2AFD;
						ProvisioningStyle = Automatic;
					};
				};
			};
			buildConfigurationList = 1FCB311D1DE301AA0076E1AB /* Build configuration list for PBXProject "MovieNight" */;
			compatibilityVersion = "Xcode 3.2";
			developmentRegion = English;
			hasScannedForEncodings = 0;
			knownRegions = (
				en,
				Base,
			);
			mainGroup = 1FCB31191DE301AA0076E1AB;
			productRefGroup = 1FCB31231DE301AA0076E1AB /* Products */;
			projectDirPath = "";
			projectRoot = "";
			targets = (
				1FCB31211DE301AA0076E1AB /* MovieNight */,
			);
		};
/* End PBXProject section */

/* Begin PBXResourcesBuildPhase section */
		1FCB31201DE301AA0076E1AB /* Resources */ = {
			isa = PBXResourcesBuildPhase;
			buildActionMask = 2147483647;
			files = (
				1FCB31301DE301AA0076E1AB /* LaunchScreen.storyboard in Resources */,
				1F1BF8791DE30A6F0000F7AA /* Assets.xcassets in Resources */,
				1FCB312B1DE301AA0076E1AB /* Main.storyboard in Resources */,
			);
			runOnlyForDeploymentPostprocessing = 0;
		};
/* End PBXResourcesBuildPhase section */

/* Begin PBXShellScriptBuildPhase section */
		30B44934ED76BD96637663F4 /* [CP] Embed Pods Frameworks */ = {
			isa = PBXShellScriptBuildPhase;
			buildActionMask = 2147483647;
			files = (
			);
			inputPaths = (
			);
			name = "[CP] Embed Pods Frameworks";
			outputPaths = (
			);
			runOnlyForDeploymentPostprocessing = 0;
			shellPath = /bin/sh;
			shellScript = "\"${SRCROOT}/Pods/Target Support Files/Pods-MovieNight/Pods-MovieNight-frameworks.sh\"\n";
			showEnvVarsInLog = 0;
		};
		5AF068E8E74A5DBC0DF38486 /* [CP] Copy Pods Resources */ = {
			isa = PBXShellScriptBuildPhase;
			buildActionMask = 2147483647;
			files = (
			);
			inputPaths = (
			);
			name = "[CP] Copy Pods Resources";
			outputPaths = (
			);
			runOnlyForDeploymentPostprocessing = 0;
			shellPath = /bin/sh;
			shellScript = "\"${SRCROOT}/Pods/Target Support Files/Pods-MovieNight/Pods-MovieNight-resources.sh\"\n";
			showEnvVarsInLog = 0;
		};
		F51CFB4C33592BC4B61528F3 /* [CP] Check Pods Manifest.lock */ = {
			isa = PBXShellScriptBuildPhase;
			buildActionMask = 2147483647;
			files = (
			);
			inputPaths = (
			);
			name = "[CP] Check Pods Manifest.lock";
			outputPaths = (
			);
			runOnlyForDeploymentPostprocessing = 0;
			shellPath = /bin/sh;
			shellScript = "diff \"${PODS_ROOT}/../Podfile.lock\" \"${PODS_ROOT}/Manifest.lock\" > /dev/null\nif [ $? != 0 ] ; then\n    # print error to STDERR\n    echo \"error: The sandbox is not in sync with the Podfile.lock. Run 'pod install' or update your CocoaPods installation.\" >&2\n    exit 1\nfi\n";
			showEnvVarsInLog = 0;
		};
/* End PBXShellScriptBuildPhase section */

/* Begin PBXSourcesBuildPhase section */
		1FCB311E1DE301AA0076E1AB /* Sources */ = {
			isa = PBXSourcesBuildPhase;
			buildActionMask = 2147483647;
			files = (
				1F1BF87B1DE323150000F7AA /* CustomTableViewCell.swift in Sources */,
				1F1BF87F1DE324FE0000F7AA /* Errors.swift in Sources */,
				1FCB31281DE301AA0076E1AB /* ViewController.swift in Sources */,
				1F1BF8831DE328240000F7AA /* DetailViewController.swift in Sources */,
				1FC4484D1DE5BB98004AF63D /* MovieType.swift in Sources */,
				1F1BF87D1DE3245B0000F7AA /* Reachability.swift in Sources */,
				1FC4484F1DE5BC28004AF63D /* Actor.swift in Sources */,
				1FC9C7D81DE59A7C0023942E /* DataTypes.swift in Sources */,
				1FCB31261DE301AA0076E1AB /* AppDelegate.swift in Sources */,
			);
			runOnlyForDeploymentPostprocessing = 0;
		};
/* End PBXSourcesBuildPhase section */

/* Begin PBXVariantGroup section */
		1FCB31291DE301AA0076E1AB /* Main.storyboard */ = {
			isa = PBXVariantGroup;
			children = (
				1FCB312A1DE301AA0076E1AB /* Base */,
			);
			name = Main.storyboard;
			sourceTree = "<group>";
		};
		1FCB312E1DE301AA0076E1AB /* LaunchScreen.storyboard */ = {
			isa = PBXVariantGroup;
			children = (
				1FCB312F1DE301AA0076E1AB /* Base */,
			);
			name = LaunchScreen.storyboard;
			sourceTree = "<group>";
		};
/* End PBXVariantGroup section */

/* Begin XCBuildConfiguration section */
		1FCB31321DE301AA0076E1AB /* Debug */ = {
			isa = XCBuildConfiguration;
			buildSettings = {
				ALWAYS_SEARCH_USER_PATHS = NO;
				CLANG_ANALYZER_NONNULL = YES;
				CLANG_CXX_LANGUAGE_STANDARD = "gnu++0x";
				CLANG_CXX_LIBRARY = "libc++";
				CLANG_ENABLE_MODULES = YES;
				CLANG_ENABLE_OBJC_ARC = YES;
				CLANG_WARN_BOOL_CONVERSION = YES;
				CLANG_WARN_CONSTANT_CONVERSION = YES;
				CLANG_WARN_DIRECT_OBJC_ISA_USAGE = YES_ERROR;
				CLANG_WARN_DOCUMENTATION_COMMENTS = YES;
				CLANG_WARN_EMPTY_BODY = YES;
				CLANG_WARN_ENUM_CONVERSION = YES;
				CLANG_WARN_INFINITE_RECURSION = YES;
				CLANG_WARN_INT_CONVERSION = YES;
				CLANG_WARN_OBJC_ROOT_CLASS = YES_ERROR;
				CLANG_WARN_SUSPICIOUS_MOVE = YES;
				CLANG_WARN_SUSPICIOUS_MOVES = YES;
				CLANG_WARN_UNREACHABLE_CODE = YES;
				CLANG_WARN__DUPLICATE_METHOD_MATCH = YES;
				"CODE_SIGN_IDENTITY[sdk=iphoneos*]" = "iPhone Developer";
				COPY_PHASE_STRIP = NO;
				DEBUG_INFORMATION_FORMAT = dwarf;
				ENABLE_STRICT_OBJC_MSGSEND = YES;
				ENABLE_TESTABILITY = YES;
				GCC_C_LANGUAGE_STANDARD = gnu99;
				GCC_DYNAMIC_NO_PIC = NO;
				GCC_NO_COMMON_BLOCKS = YES;
				GCC_OPTIMIZATION_LEVEL = 0;
				GCC_PREPROCESSOR_DEFINITIONS = (
					"DEBUG=1",
					"$(inherited)",
				);
				GCC_WARN_64_TO_32_BIT_CONVERSION = YES;
				GCC_WARN_ABOUT_RETURN_TYPE = YES_ERROR;
				GCC_WARN_UNDECLARED_SELECTOR = YES;
				GCC_WARN_UNINITIALIZED_AUTOS = YES_AGGRESSIVE;
				GCC_WARN_UNUSED_FUNCTION = YES;
				GCC_WARN_UNUSED_VARIABLE = YES;
				IPHONEOS_DEPLOYMENT_TARGET = 10.1;
				MTL_ENABLE_DEBUG_INFO = YES;
				ONLY_ACTIVE_ARCH = YES;
				SDKROOT = iphoneos;
				SWIFT_ACTIVE_COMPILATION_CONDITIONS = DEBUG;
				SWIFT_OPTIMIZATION_LEVEL = "-Onone";
			};
			name = Debug;
		};
		1FCB31331DE301AA0076E1AB /* Release */ = {
			isa = XCBuildConfiguration;
			buildSettings = {
				ALWAYS_SEARCH_USER_PATHS = NO;
				CLANG_ANALYZER_NONNULL = YES;
				CLANG_CXX_LANGUAGE_STANDARD = "gnu++0x";
				CLANG_CXX_LIBRARY = "libc++";
				CLANG_ENABLE_MODULES = YES;
				CLANG_ENABLE_OBJC_ARC = YES;
				CLANG_WARN_BOOL_CONVERSION = YES;
				CLANG_WARN_CONSTANT_CONVERSION = YES;
				CLANG_WARN_DIRECT_OBJC_ISA_USAGE = YES_ERROR;
				CLANG_WARN_DOCUMENTATION_COMMENTS = YES;
				CLANG_WARN_EMPTY_BODY = YES;
				CLANG_WARN_ENUM_CONVERSION = YES;
				CLANG_WARN_INFINITE_RECURSION = YES;
				CLANG_WARN_INT_CONVERSION = YES;
				CLANG_WARN_OBJC_ROOT_CLASS = YES_ERROR;
				CLANG_WARN_SUSPICIOUS_MOVE = YES;
				CLANG_WARN_SUSPICIOUS_MOVES = YES;
				CLANG_WARN_UNREACHABLE_CODE = YES;
				CLANG_WARN__DUPLICATE_METHOD_MATCH = YES;
				"CODE_SIGN_IDENTITY[sdk=iphoneos*]" = "iPhone Developer";
				COPY_PHASE_STRIP = NO;
				DEBUG_INFORMATION_FORMAT = "dwarf-with-dsym";
				ENABLE_NS_ASSERTIONS = NO;
				ENABLE_STRICT_OBJC_MSGSEND = YES;
				GCC_C_LANGUAGE_STANDARD = gnu99;
				GCC_NO_COMMON_BLOCKS = YES;
				GCC_WARN_64_TO_32_BIT_CONVERSION = YES;
				GCC_WARN_ABOUT_RETURN_TYPE = YES_ERROR;
				GCC_WARN_UNDECLARED_SELECTOR = YES;
				GCC_WARN_UNINITIALIZED_AUTOS = YES_AGGRESSIVE;
				GCC_WARN_UNUSED_FUNCTION = YES;
				GCC_WARN_UNUSED_VARIABLE = YES;
				IPHONEOS_DEPLOYMENT_TARGET = 10.1;
				MTL_ENABLE_DEBUG_INFO = NO;
				SDKROOT = iphoneos;
				SWIFT_OPTIMIZATION_LEVEL = "-Owholemodule";
				VALIDATE_PRODUCT = YES;
			};
			name = Release;
		};
		1FCB31351DE301AA0076E1AB /* Debug */ = {
			isa = XCBuildConfiguration;
			baseConfigurationReference = 8ECABEBC83C5E4C22EA71AB8 /* Pods-MovieNight.debug.xcconfig */;
			buildSettings = {
				ALWAYS_EMBED_SWIFT_STANDARD_LIBRARIES = YES;
				ASSETCATALOG_COMPILER_APPICON_NAME = AppIcon;
				DEVELOPMENT_TEAM = UNAZBL2AFD;
				INFOPLIST_FILE = MovieNight/Info.plist;
				LD_RUNPATH_SEARCH_PATHS = "$(inherited) @executable_path/Frameworks";
				PRODUCT_BUNDLE_IDENTIFIER = com.recapted.MovieNight;
				PRODUCT_NAME = "$(TARGET_NAME)";
				SWIFT_VERSION = 3.0;
			};
			name = Debug;
		};
		1FCB31361DE301AA0076E1AB /* Release */ = {
			isa = XCBuildConfiguration;
			baseConfigurationReference = 1E24CA46EEA4E20288E77BC6 /* Pods-MovieNight.release.xcconfig */;
			buildSettings = {
				ALWAYS_EMBED_SWIFT_STANDARD_LIBRARIES = YES;
				ASSETCATALOG_COMPILER_APPICON_NAME = AppIcon;
				DEVELOPMENT_TEAM = UNAZBL2AFD;
				INFOPLIST_FILE = MovieNight/Info.plist;
				LD_RUNPATH_SEARCH_PATHS = "$(inherited) @executable_path/Frameworks";
				PRODUCT_BUNDLE_IDENTIFIER = com.recapted.MovieNight;
				PRODUCT_NAME = "$(TARGET_NAME)";
				SWIFT_VERSION = 3.0;
			};
			name = Release;
		};
/* End XCBuildConfiguration section */

/* Begin XCConfigurationList section */
		1FCB311D1DE301AA0076E1AB /* Build configuration list for PBXProject "MovieNight" */ = {
			isa = XCConfigurationList;
			buildConfigurations = (
				1FCB31321DE301AA0076E1AB /* Debug */,
				1FCB31331DE301AA0076E1AB /* Release */,
			);
			defaultConfigurationIsVisible = 0;
			defaultConfigurationName = Release;
		};
		1FCB31341DE301AA0076E1AB /* Build configuration list for PBXNativeTarget "MovieNight" */ = {
			isa = XCConfigurationList;
			buildConfigurations = (
				1FCB31351DE301AA0076E1AB /* Debug */,
				1FCB31361DE301AA0076E1AB /* Release */,
			);
			defaultConfigurationIsVisible = 0;
			defaultConfigurationName = Release;
		};
/* End XCConfigurationList section */
	};
	rootObject = 1FCB311A1DE301AA0076E1AB /* Project object */;
}
